
Microsoft Visual Studio Solution File, Format Version 12.00
# Visual Studio Version 17
VisualStudioVersion = 17.7.34009.444
MinimumVisualStudioVersion = 10.0.40219.1
Project("{FAE04EC0-301F-11D3-BF4B-00C04F79EFBC}") = "SPNP-12", "SPNP-12.csproj", "{FA3E09A5-0DBB-4C1F-BC05-769F719A54DC}"
EndProject
Global
	GlobalSection(SolutionConfigurationPlatforms) = preSolution
		Debug|Any CPU = Debug|Any CPU
		Release|Any CPU = Release|Any CPU
	EndGlobalSection
	GlobalSection(ProjectConfigurationPlatforms) = postSolution
		{FA3E09A5-0DBB-4C1F-BC05-769F719A54DC}.Debug|Any CPU.ActiveCfg = Debug|Any CPU
		{FA3E09A5-0DBB-4C1F-BC05-769F719A54DC}.Debug|Any CPU.Build.0 = Debug|Any CPU
		{FA3E09A5-0DBB-4C1F-BC05-769F719A54DC}.Release|Any CPU.ActiveCfg = Release|Any CPU
		{FA3E09A5-0DBB-4C1F-BC05-769F719A54DC}.Release|Any CPU.Build.0 = Release|Any CPU
	EndGlobalSection
	GlobalSection(SolutionProperties) = preSolution
		HideSolutionNode = FALSE
	EndGlobalSection
	GlobalSection(ExtensibilityGlobals) = postSolution
		SolutionGuid = {D5708571-1F35-47A7-91E6-3C571D38118D}
	EndGlobalSection
EndGlobal
